
Microsoft Visual Studio Solution File, Format Version 12.00
# Visual Studio Version 16
VisualStudioVersion = 16.0.29123.88
MinimumVisualStudioVersion = 10.0.40219.1
Project("{9A19103F-16F7-4668-BE54-9A1E7A4F7556}") = "RequestManager", "RequestManager.csproj", "{F5076736-CA7F-469B-A10F-64890B1B0951}"
EndProject
Global
	GlobalSection(SolutionConfigurationPlatforms) = preSolution
		Debug|Any CPU = Debug|Any CPU
		Release|Any CPU = Release|Any CPU
	EndGlobalSection
	GlobalSection(ProjectConfigurationPlatforms) = postSolution
		{F5076736-CA7F-469B-A10F-64890B1B0951}.Debug|Any CPU.ActiveCfg = Debug|Any CPU
		{F5076736-CA7F-469B-A10F-64890B1B0951}.Debug|Any CPU.Build.0 = Debug|Any CPU
		{F5076736-CA7F-469B-A10F-64890B1B0951}.Release|Any CPU.ActiveCfg = Release|Any CPU
		{F5076736-CA7F-469B-A10F-64890B1B0951}.Release|Any CPU.Build.0 = Release|Any CPU
	EndGlobalSection
	GlobalSection(SolutionProperties) = preSolution
		HideSolutionNode = FALSE
	EndGlobalSection
	GlobalSection(ExtensibilityGlobals) = postSolution
		SolutionGuid = {892888B1-1BD4-496C-8970-3A1CB8E6C408}
	EndGlobalSection
EndGlobal
